
Microsoft Visual Studio Solution File, Format Version 12.00
# Visual Studio Version 16
VisualStudioVersion = 16.0.30011.22
MinimumVisualStudioVersion = 10.0.40219.1
Project("{FAE04EC0-301F-11D3-BF4B-00C04F79EFBC}") = "task1", "task1\task1.csproj", "{000C75C5-0120-405D-9EF7-746B5EDB684A}"
EndProject
Project("{FAE04EC0-301F-11D3-BF4B-00C04F79EFBC}") = "task2", "task2\task2.csproj", "{939A0CA7-3514-4902-9A67-7A8902DE0352}"
EndProject
Project("{FAE04EC0-301F-11D3-BF4B-00C04F79EFBC}") = "IndexerTest", "IndexerTest\IndexerTest.csproj", "{7C06D060-B595-4CF2-8AE4-BC7694F4806F}"
EndProject
Project("{FAE04EC0-301F-11D3-BF4B-00C04F79EFBC}") = "SystemOfLinearEquationTest", "SystemOfLinearEquation\SystemOfLinearEquationTest.csproj", "{60BFB329-D85B-43FF-82B6-57FF25D2CF51}"
EndProject
Project("{FAE04EC0-301F-11D3-BF4B-00C04F79EFBC}") = "LinearEquationTest", "LinearEquationTest\LinearEquationTest.csproj", "{93E38933-5CC6-437B-9B5C-A9F537DCB22C}"
EndProject
Global
	GlobalSection(SolutionConfigurationPlatforms) = preSolution
		Debug|Any CPU = Debug|Any CPU
		Release|Any CPU = Release|Any CPU
	EndGlobalSection
	GlobalSection(ProjectConfigurationPlatforms) = postSolution
		{000C75C5-0120-405D-9EF7-746B5EDB684A}.Debug|Any CPU.ActiveCfg = Debug|Any CPU
		{000C75C5-0120-405D-9EF7-746B5EDB684A}.Debug|Any CPU.Build.0 = Debug|Any CPU
		{000C75C5-0120-405D-9EF7-746B5EDB684A}.Release|Any CPU.ActiveCfg = Release|Any CPU
		{000C75C5-0120-405D-9EF7-746B5EDB684A}.Release|Any CPU.Build.0 = Release|Any CPU
		{939A0CA7-3514-4902-9A67-7A8902DE0352}.Debug|Any CPU.ActiveCfg = Debug|Any CPU
		{939A0CA7-3514-4902-9A67-7A8902DE0352}.Debug|Any CPU.Build.0 = Debug|Any CPU
		{939A0CA7-3514-4902-9A67-7A8902DE0352}.Release|Any CPU.ActiveCfg = Release|Any CPU
		{939A0CA7-3514-4902-9A67-7A8902DE0352}.Release|Any CPU.Build.0 = Release|Any CPU
		{7C06D060-B595-4CF2-8AE4-BC7694F4806F}.Debug|Any CPU.ActiveCfg = Debug|Any CPU
		{7C06D060-B595-4CF2-8AE4-BC7694F4806F}.Debug|Any CPU.Build.0 = Debug|Any CPU
		{7C06D060-B595-4CF2-8AE4-BC7694F4806F}.Release|Any CPU.ActiveCfg = Release|Any CPU
		{7C06D060-B595-4CF2-8AE4-BC7694F4806F}.Release|Any CPU.Build.0 = Release|Any CPU
		{60BFB329-D85B-43FF-82B6-57FF25D2CF51}.Debug|Any CPU.ActiveCfg = Debug|Any CPU
		{60BFB329-D85B-43FF-82B6-57FF25D2CF51}.Debug|Any CPU.Build.0 = Debug|Any CPU
		{60BFB329-D85B-43FF-82B6-57FF25D2CF51}.Release|Any CPU.ActiveCfg = Release|Any CPU
		{60BFB329-D85B-43FF-82B6-57FF25D2CF51}.Release|Any CPU.Build.0 = Release|Any CPU
		{93E38933-5CC6-437B-9B5C-A9F537DCB22C}.Debug|Any CPU.ActiveCfg = Debug|Any CPU
		{93E38933-5CC6-437B-9B5C-A9F537DCB22C}.Debug|Any CPU.Build.0 = Debug|Any CPU
		{93E38933-5CC6-437B-9B5C-A9F537DCB22C}.Release|Any CPU.ActiveCfg = Release|Any CPU
		{93E38933-5CC6-437B-9B5C-A9F537DCB22C}.Release|Any CPU.Build.0 = Release|Any CPU
	EndGlobalSection
	GlobalSection(SolutionProperties) = preSolution
		HideSolutionNode = FALSE
	EndGlobalSection
	GlobalSection(ExtensibilityGlobals) = postSolution
		SolutionGuid = {91D36007-6689-4E6D-B923-64ED10E67BC9}
	EndGlobalSection
EndGlobal
